
Microsoft Visual Studio Solution File, Format Version 12.00
# Visual Studio Version 16
VisualStudioVersion = 16.0.32602.291
MinimumVisualStudioVersion = 10.0.40219.1
Project("{FAE04EC0-301F-11D3-BF4B-00C04F79EFBC}") = "ConsoleApplicationCRM", "ConsoleApplicationCRM\ConsoleApplicationCRM.csproj", "{B25064FA-A69D-4192-993D-B0B44AA87B44}"
EndProject
Project("{FAE04EC0-301F-11D3-BF4B-00C04F79EFBC}") = "CRM356Connector", "CRM356Connector\CRM356Connector.csproj", "{786E7701-33ED-4938-AE3D-A9598CDD4E3F}"
EndProject
Global
	GlobalSection(SolutionConfigurationPlatforms) = preSolution
		Debug|Any CPU = Debug|Any CPU
		Release|Any CPU = Release|Any CPU
	EndGlobalSection
	GlobalSection(ProjectConfigurationPlatforms) = postSolution
		{B25064FA-A69D-4192-993D-B0B44AA87B44}.Debug|Any CPU.ActiveCfg = Debug|Any CPU
		{B25064FA-A69D-4192-993D-B0B44AA87B44}.Debug|Any CPU.Build.0 = Debug|Any CPU
		{B25064FA-A69D-4192-993D-B0B44AA87B44}.Release|Any CPU.ActiveCfg = Release|Any CPU
		{B25064FA-A69D-4192-993D-B0B44AA87B44}.Release|Any CPU.Build.0 = Release|Any CPU
		{786E7701-33ED-4938-AE3D-A9598CDD4E3F}.Debug|Any CPU.ActiveCfg = Debug|Any CPU
		{786E7701-33ED-4938-AE3D-A9598CDD4E3F}.Debug|Any CPU.Build.0 = Debug|Any CPU
		{786E7701-33ED-4938-AE3D-A9598CDD4E3F}.Release|Any CPU.ActiveCfg = Release|Any CPU
		{786E7701-33ED-4938-AE3D-A9598CDD4E3F}.Release|Any CPU.Build.0 = Release|Any CPU
	EndGlobalSection
	GlobalSection(SolutionProperties) = preSolution
		HideSolutionNode = FALSE
	EndGlobalSection
	GlobalSection(ExtensibilityGlobals) = postSolution
		SolutionGuid = {8D061702-4E42-4C6B-A559-9E0276A12906}
	EndGlobalSection
EndGlobal
